# This file is autogenerated, do not edit; changes may be undone by the next 'dep ensure'.


[[projects]]
  name = "github.com/pkg/errors"
  packages = ["."]
  revision = "17b591df37844cde689f4d5813e5cea0927d8dd2"
  version = "v0.7.1"

[[projects]]
  name = "github.com/pkg/profile"
  packages = ["."]
  revision = "52c30d7a823723e8fb45f8756eccdd5433b0dece"

[solve-meta]
  analyzer-name = "dep"
  analyzer-version = 1
  inputs-digest = "7b0c7f727545ec4b22e5e340b8a3563308784e384e40313670b506e78ed6d0e7"
  solver-name = "gps-cdcl"
  solver-version = 1
