# This file is autogenerated, do not edit; changes may be undone by the next 'dep ensure'.


[[projects]]
  name = "github.com/pkg/errors"
  packages = ["."]
  revision = "645ef00459ed84a119197bfb8d8205042c6df63d"
  version = "v0.8.0"

[[projects]]
  name = "github.com/pkg/profile"
  packages = ["."]
  revision = "52c30d7a823723e8fb45f8756eccdd5433b0dece"

[solve-meta]
  analyzer-name = "dep"
  analyzer-version = 1
  inputs-digest = "933499f1718ed9eb67f2c8563a1851bd50e96b905ba4102063974017f5a80f39"
  solver-name = "gps-cdcl"
  solver-version = 1
